// !$*UTF8*$!
{
	archiveVersion = 1;
	classes = {
	};
	objectVersion = 50;
	objects = {

/* Begin PBXBuildFile section */
		071D1DBC21FE1C4400A096F0 /* StarView.swift in Sources */ = {isa = PBXBuildFile; fileRef = 071D1DBB21FE1C4400A096F0 /* StarView.swift */; };
		071D1DBE21FE1C5200A096F0 /* StarViewController.swift in Sources */ = {isa = PBXBuildFile; fileRef = 071D1DBD21FE1C5100A096F0 /* StarViewController.swift */; };
		071D1DC021FE217200A096F0 /* CircleView.swift in Sources */ = {isa = PBXBuildFile; fileRef = 071D1DBF21FE217200A096F0 /* CircleView.swift */; };
		071D1DC221FE218300A096F0 /* CircleViewController.swift in Sources */ = {isa = PBXBuildFile; fileRef = 071D1DC121FE218300A096F0 /* CircleViewController.swift */; };
		073DC50621FE290E009B6ECE /* README.md in Resources */ = {isa = PBXBuildFile; fileRef = 073DC50521FE290E009B6ECE /* README.md */; };
		076EF34124CEC1550086449C /* CustomUIButton.swift in Sources */ = {isa = PBXBuildFile; fileRef = 076EF34024CEC1550086449C /* CustomUIButton.swift */; };
		077F2808222E6C4B0011CA5F /* OptionsView.swift in Sources */ = {isa = PBXBuildFile; fileRef = 077F2807222E6C4B0011CA5F /* OptionsView.swift */; };
		ED29A579222C44DB00493720 /* TableViewController.swift in Sources */ = {isa = PBXBuildFile; fileRef = ED29A578222C44DB00493720 /* TableViewController.swift */; };
		ED29A57B222C474C00493720 /* CustomCell.swift in Sources */ = {isa = PBXBuildFile; fileRef = ED29A57A222C474C00493720 /* CustomCell.swift */; };
		ED2E0C3F213DD8110029BC7D /* AppDelegate.swift in Sources */ = {isa = PBXBuildFile; fileRef = ED2E0C3E213DD8110029BC7D /* AppDelegate.swift */; };
		ED2E0C46213DD8140029BC7D /* Assets.xcassets in Resources */ = {isa = PBXBuildFile; fileRef = ED2E0C45213DD8140029BC7D /* Assets.xcassets */; };
		ED2E0C59213DD8E20029BC7D /* ClockHandViewController.swift in Sources */ = {isa = PBXBuildFile; fileRef = ED2E0C56213DD8E20029BC7D /* ClockHandViewController.swift */; };
		ED2E0C5A213DD8E20029BC7D /* TreeViewController.swift in Sources */ = {isa = PBXBuildFile; fileRef = ED2E0C57213DD8E20029BC7D /* TreeViewController.swift */; };
		ED2E0C5B213DD8E20029BC7D /* MainViewController.swift in Sources */ = {isa = PBXBuildFile; fileRef = ED2E0C58213DD8E20029BC7D /* MainViewController.swift */; };
		ED2E0C5F213DD8F70029BC7D /* TreeView.swift in Sources */ = {isa = PBXBuildFile; fileRef = ED2E0C5C213DD8F60029BC7D /* TreeView.swift */; };
		ED2E0C60213DD8F70029BC7D /* TextButton.swift in Sources */ = {isa = PBXBuildFile; fileRef = ED2E0C5D213DD8F60029BC7D /* TextButton.swift */; };
		ED2E0C61213DD8F70029BC7D /* ClockHandView.swift in Sources */ = {isa = PBXBuildFile; fileRef = ED2E0C5E213DD8F60029BC7D /* ClockHandView.swift */; };
		ED2E0C65213DD9080029BC7D /* Main.storyboard in Resources */ = {isa = PBXBuildFile; fileRef = ED2E0C64213DD9080029BC7D /* Main.storyboard */; };
		ED2E0C67213DD9100029BC7D /* StyleKit.swift in Sources */ = {isa = PBXBuildFile; fileRef = ED2E0C66213DD9100029BC7D /* StyleKit.swift */; };
/* End PBXBuildFile section */

/* Begin PBXFileReference section */
		071D1DBB21FE1C4400A096F0 /* StarView.swift */ = {isa = PBXFileReference; fileEncoding = 4; lastKnownFileType = sourcecode.swift; path = StarView.swift; sourceTree = "<group>"; };
		071D1DBD21FE1C5100A096F0 /* StarViewController.swift */ = {isa = PBXFileReference; fileEncoding = 4; lastKnownFileType = sourcecode.swift; path = StarViewController.swift; sourceTree = "<group>"; };
		071D1DBF21FE217200A096F0 /* CircleView.swift */ = {isa = PBXFileReference; lastKnownFileType = sourcecode.swift; path = CircleView.swift; sourceTree = "<group>"; };
		071D1DC121FE218300A096F0 /* CircleViewController.swift */ = {isa = PBXFileReference; lastKnownFileType = sourcecode.swift; path = CircleViewController.swift; sourceTree = "<group>"; };
		073DC50521FE290E009B6ECE /* README.md */ = {isa = PBXFileReference; fileEncoding = 4; lastKnownFileType = net.daringfireball.markdown; name = README.md; path = ../README.md; sourceTree = "<group>"; };
		076EF34024CEC1550086449C /* CustomUIButton.swift */ = {isa = PBXFileReference; lastKnownFileType = sourcecode.swift; path = CustomUIButton.swift; sourceTree = "<group>"; };
		077F2807222E6C4B0011CA5F /* OptionsView.swift */ = {isa = PBXFileReference; lastKnownFileType = sourcecode.swift; path = OptionsView.swift; sourceTree = "<group>"; };
		ED29A578222C44DB00493720 /* TableViewController.swift */ = {isa = PBXFileReference; lastKnownFileType = sourcecode.swift; path = TableViewController.swift; sourceTree = "<group>"; };
		ED29A57A222C474C00493720 /* CustomCell.swift */ = {isa = PBXFileReference; lastKnownFileType = sourcecode.swift; path = CustomCell.swift; sourceTree = "<group>"; };
		ED2E0C3B213DD8110029BC7D /* PaintCodeTests.app */ = {isa = PBXFileReference; explicitFileType = wrapper.application; includeInIndex = 0; path = PaintCodeTests.app; sourceTree = BUILT_PRODUCTS_DIR; };
		ED2E0C3E213DD8110029BC7D /* AppDelegate.swift */ = {isa = PBXFileReference; lastKnownFileType = sourcecode.swift; path = AppDelegate.swift; sourceTree = "<group>"; };
		ED2E0C45213DD8140029BC7D /* Assets.xcassets */ = {isa = PBXFileReference; lastKnownFileType = folder.assetcatalog; path = Assets.xcassets; sourceTree = "<group>"; };
		ED2E0C4A213DD8140029BC7D /* Info.plist */ = {isa = PBXFileReference; lastKnownFileType = text.plist.xml; path = Info.plist; sourceTree = "<group>"; };
		ED2E0C56213DD8E20029BC7D /* ClockHandViewController.swift */ = {isa = PBXFileReference; fileEncoding = 4; lastKnownFileType = sourcecode.swift; path = ClockHandViewController.swift; sourceTree = "<group>"; };
		ED2E0C57213DD8E20029BC7D /* TreeViewController.swift */ = {isa = PBXFileReference; fileEncoding = 4; lastKnownFileType = sourcecode.swift; path = TreeViewController.swift; sourceTree = "<group>"; };
		ED2E0C58213DD8E20029BC7D /* MainViewController.swift */ = {isa = PBXFileReference; fileEncoding = 4; lastKnownFileType = sourcecode.swift; path = MainViewController.swift; sourceTree = "<group>"; };
		ED2E0C5C213DD8F60029BC7D /* TreeView.swift */ = {isa = PBXFileReference; fileEncoding = 4; lastKnownFileType = sourcecode.swift; path = TreeView.swift; sourceTree = "<group>"; };
		ED2E0C5D213DD8F60029BC7D /* TextButton.swift */ = {isa = PBXFileReference; fileEncoding = 4; lastKnownFileType = sourcecode.swift; path = TextButton.swift; sourceTree = "<group>"; };
		ED2E0C5E213DD8F60029BC7D /* ClockHandView.swift */ = {isa = PBXFileReference; fileEncoding = 4; lastKnownFileType = sourcecode.swift; path = ClockHandView.swift; sourceTree = "<group>"; };
		ED2E0C64213DD9080029BC7D /* Main.storyboard */ = {isa = PBXFileReference; fileEncoding = 4; lastKnownFileType = file.storyboard; path = Main.storyboard; sourceTree = "<group>"; };
		ED2E0C66213DD9100029BC7D /* StyleKit.swift */ = {isa = PBXFileReference; fileEncoding = 4; lastKnownFileType = sourcecode.swift; path = StyleKit.swift; sourceTree = "<group>"; };
/* End PBXFileReference section */

/* Begin PBXFrameworksBuildPhase section */
		ED2E0C38213DD8110029BC7D /* Frameworks */ = {
			isa = PBXFrameworksBuildPhase;
			buildActionMask = 2147483647;
			files = (
			);
			runOnlyForDeploymentPostprocessing = 0;
		};
/* End PBXFrameworksBuildPhase section */

/* Begin PBXGroup section */
		ED2E0C32213DD8110029BC7D = {
			isa = PBXGroup;
			children = (
				ED2E0C3D213DD8110029BC7D /* PaintCodeTests */,
				ED2E0C3C213DD8110029BC7D /* Products */,
				073DC50521FE290E009B6ECE /* README.md */,
			);
			sourceTree = "<group>";
		};
		ED2E0C3C213DD8110029BC7D /* Products */ = {
			isa = PBXGroup;
			children = (
				ED2E0C3B213DD8110029BC7D /* PaintCodeTests.app */,
			);
			name = Products;
			sourceTree = "<group>";
		};
		ED2E0C3D213DD8110029BC7D /* PaintCodeTests */ = {
			isa = PBXGroup;
			children = (
				ED2E0C50213DD8220029BC7D /* Model */,
				ED2E0C51213DD8270029BC7D /* View */,
				ED2E0C52213DD82B0029BC7D /* Controller */,
				ED2E0C54213DD8460029BC7D /* Storyboard */,
				ED2E0C55213DD8580029BC7D /* Resources */,
			);
			path = PaintCodeTests;
			sourceTree = "<group>";
		};
		ED2E0C50213DD8220029BC7D /* Model */ = {
			isa = PBXGroup;
			children = (
			);
			path = Model;
			sourceTree = "<group>";
		};
		ED2E0C51213DD8270029BC7D /* View */ = {
			isa = PBXGroup;
			children = (
				071D1DBF21FE217200A096F0 /* CircleView.swift */,
				ED2E0C5E213DD8F60029BC7D /* ClockHandView.swift */,
				ED29A57A222C474C00493720 /* CustomCell.swift */,
				076EF34024CEC1550086449C /* CustomUIButton.swift */,
				071D1DBB21FE1C4400A096F0 /* StarView.swift */,
				ED2E0C5D213DD8F60029BC7D /* TextButton.swift */,
				ED2E0C5C213DD8F60029BC7D /* TreeView.swift */,
				077F2807222E6C4B0011CA5F /* OptionsView.swift */,
			);
			path = View;
			sourceTree = "<group>";
		};
		ED2E0C52213DD82B0029BC7D /* Controller */ = {
			isa = PBXGroup;
			children = (
				071D1DC121FE218300A096F0 /* CircleViewController.swift */,
				ED2E0C56213DD8E20029BC7D /* ClockHandViewController.swift */,
				ED2E0C58213DD8E20029BC7D /* MainViewController.swift */,
				071D1DBD21FE1C5100A096F0 /* StarViewController.swift */,
				ED29A578222C44DB00493720 /* TableViewController.swift */,
				ED2E0C57213DD8E20029BC7D /* TreeViewController.swift */,
			);
			path = Controller;
			sourceTree = "<group>";
		};
		ED2E0C54213DD8460029BC7D /* Storyboard */ = {
			isa = PBXGroup;
			children = (
				ED2E0C64213DD9080029BC7D /* Main.storyboard */,
			);
			path = Storyboard;
			sourceTree = "<group>";
		};
		ED2E0C55213DD8580029BC7D /* Resources */ = {
			isa = PBXGroup;
			children = (
				ED2E0C45213DD8140029BC7D /* Assets.xcassets */,
				ED2E0C3E213DD8110029BC7D /* AppDelegate.swift */,
				ED2E0C4A213DD8140029BC7D /* Info.plist */,
				ED2E0C66213DD9100029BC7D /* StyleKit.swift */,
			);
			path = Resources;
			sourceTree = "<group>";
		};
/* End PBXGroup section */

/* Begin PBXNativeTarget section */
		ED2E0C3A213DD8110029BC7D /* PaintCodeTests */ = {
			isa = PBXNativeTarget;
			buildConfigurationList = ED2E0C4D213DD8140029BC7D /* Build configuration list for PBXNativeTarget "PaintCodeTests" */;
			buildPhases = (
				ED2E0C37213DD8110029BC7D /* Sources */,
				ED2E0C38213DD8110029BC7D /* Frameworks */,
				ED2E0C39213DD8110029BC7D /* Resources */,
			);
			buildRules = (
			);
			dependencies = (
			);
			name = PaintCodeTests;
			productName = PaintCodeTests;
			productReference = ED2E0C3B213DD8110029BC7D /* PaintCodeTests.app */;
			productType = "com.apple.product-type.application";
		};
/* End PBXNativeTarget section */

/* Begin PBXProject section */
		ED2E0C33213DD8110029BC7D /* Project object */ = {
			isa = PBXProject;
			attributes = {
				LastSwiftUpdateCheck = 0940;
				LastUpgradeCheck = 1200;
				ORGANIZATIONNAME = "backslash-f";
				TargetAttributes = {
					ED2E0C3A213DD8110029BC7D = {
						CreatedOnToolsVersion = 9.4.1;
						LastSwiftMigration = 1200;
					};
				};
			};
			buildConfigurationList = ED2E0C36213DD8110029BC7D /* Build configuration list for PBXProject "PaintCodeTests" */;
			compatibilityVersion = "Xcode 9.3";
			developmentRegion = en;
			hasScannedForEncodings = 0;
			knownRegions = (
				en,
				Base,
			);
			mainGroup = ED2E0C32213DD8110029BC7D;
			productRefGroup = ED2E0C3C213DD8110029BC7D /* Products */;
			projectDirPath = "";
			projectRoot = "";
			targets = (
				ED2E0C3A213DD8110029BC7D /* PaintCodeTests */,
			);
		};
/* End PBXProject section */

/* Begin PBXResourcesBuildPhase section */
		ED2E0C39213DD8110029BC7D /* Resources */ = {
			isa = PBXResourcesBuildPhase;
			buildActionMask = 2147483647;
			files = (
				073DC50621FE290E009B6ECE /* README.md in Resources */,
				ED2E0C46213DD8140029BC7D /* Assets.xcassets in Resources */,
				ED2E0C65213DD9080029BC7D /* Main.storyboard in Resources */,
			);
			runOnlyForDeploymentPostprocessing = 0;
		};
/* End PBXResourcesBuildPhase section */

/* Begin PBXSourcesBuildPhase section */
		ED2E0C37213DD8110029BC7D /* Sources */ = {
			isa = PBXSourcesBuildPhase;
			buildActionMask = 2147483647;
			files = (
				ED2E0C67213DD9100029BC7D /* StyleKit.swift in Sources */,
				ED2E0C60213DD8F70029BC7D /* TextButton.swift in Sources */,
				ED29A579222C44DB00493720 /* TableViewController.swift in Sources */,
				077F2808222E6C4B0011CA5F /* OptionsView.swift in Sources */,
				076EF34124CEC1550086449C /* CustomUIButton.swift in Sources */,
				071D1DC221FE218300A096F0 /* CircleViewController.swift in Sources */,
				ED2E0C5F213DD8F70029BC7D /* TreeView.swift in Sources */,
				ED2E0C59213DD8E20029BC7D /* ClockHandViewController.swift in Sources */,
				071D1DBE21FE1C5200A096F0 /* StarViewController.swift in Sources */,
				ED2E0C61213DD8F70029BC7D /* ClockHandView.swift in Sources */,
				071D1DC021FE217200A096F0 /* CircleView.swift in Sources */,
				ED2E0C5A213DD8E20029BC7D /* TreeViewController.swift in Sources */,
				ED2E0C3F213DD8110029BC7D /* AppDelegate.swift in Sources */,
				071D1DBC21FE1C4400A096F0 /* StarView.swift in Sources */,
				ED29A57B222C474C00493720 /* CustomCell.swift in Sources */,
				ED2E0C5B213DD8E20029BC7D /* MainViewController.swift in Sources */,
			);
			runOnlyForDeploymentPostprocessing = 0;
		};
/* End PBXSourcesBuildPhase section */

/* Begin XCBuildConfiguration section */
		ED2E0C4B213DD8140029BC7D /* Debug */ = {
			isa = XCBuildConfiguration;
			buildSettings = {
				ALWAYS_SEARCH_USER_PATHS = NO;
				CLANG_ANALYZER_NONNULL = YES;
				CLANG_ANALYZER_NUMBER_OBJECT_CONVERSION = YES_AGGRESSIVE;
				CLANG_CXX_LANGUAGE_STANDARD = "gnu++14";
				CLANG_CXX_LIBRARY = "libc++";
				CLANG_ENABLE_MODULES = YES;
				CLANG_ENABLE_OBJC_ARC = YES;
				CLANG_ENABLE_OBJC_WEAK = YES;
				CLANG_WARN_BLOCK_CAPTURE_AUTORELEASING = YES;
				CLANG_WARN_BOOL_CONVERSION = YES;
				CLANG_WARN_COMMA = YES;
				CLANG_WARN_CONSTANT_CONVERSION = YES;
				CLANG_WARN_DEPRECATED_OBJC_IMPLEMENTATIONS = YES;
				CLANG_WARN_DIRECT_OBJC_ISA_USAGE = YES_ERROR;
				CLANG_WARN_DOCUMENTATION_COMMENTS = YES;
				CLANG_WARN_EMPTY_BODY = YES;
				CLANG_WARN_ENUM_CONVERSION = YES;
				CLANG_WARN_INFINITE_RECURSION = YES;
				CLANG_WARN_INT_CONVERSION = YES;
				CLANG_WARN_NON_LITERAL_NULL_CONVERSION = YES;
				CLANG_WARN_OBJC_IMPLICIT_RETAIN_SELF = YES;
				CLANG_WARN_OBJC_LITERAL_CONVERSION = YES;
				CLANG_WARN_OBJC_ROOT_CLASS = YES_ERROR;
				CLANG_WARN_QUOTED_INCLUDE_IN_FRAMEWORK_HEADER = YES;
				CLANG_WARN_RANGE_LOOP_ANALYSIS = YES;
				CLANG_WARN_STRICT_PROTOTYPES = YES;
				CLANG_WARN_SUSPICIOUS_MOVE = YES;
				CLANG_WARN_UNGUARDED_AVAILABILITY = YES_AGGRESSIVE;
				CLANG_WARN_UNREACHABLE_CODE = YES;
				CLANG_WARN__DUPLICATE_METHOD_MATCH = YES;
				CODE_SIGN_IDENTITY = "iPhone Developer";
				COPY_PHASE_STRIP = NO;
				DEBUG_INFORMATION_FORMAT = dwarf;
				ENABLE_STRICT_OBJC_MSGSEND = YES;
				ENABLE_TESTABILITY = YES;
				GCC_C_LANGUAGE_STANDARD = gnu11;
				GCC_DYNAMIC_NO_PIC = NO;
				GCC_NO_COMMON_BLOCKS = YES;
				GCC_OPTIMIZATION_LEVEL = 0;
				GCC_PREPROCESSOR_DEFINITIONS = (
					"DEBUG=1",
					"$(inherited)",
				);
				GCC_WARN_64_TO_32_BIT_CONVERSION = YES;
				GCC_WARN_ABOUT_RETURN_TYPE = YES_ERROR;
				GCC_WARN_UNDECLARED_SELECTOR = YES;
				GCC_WARN_UNINITIALIZED_AUTOS = YES_AGGRESSIVE;
				GCC_WARN_UNUSED_FUNCTION = YES;
				GCC_WARN_UNUSED_VARIABLE = YES;
				IPHONEOS_DEPLOYMENT_TARGET = 12.0;
				MTL_ENABLE_DEBUG_INFO = YES;
				ONLY_ACTIVE_ARCH = YES;
				SDKROOT = iphoneos;
				SWIFT_ACTIVE_COMPILATION_CONDITIONS = DEBUG;
				SWIFT_OPTIMIZATION_LEVEL = "-Onone";
			};
			name = Debug;
		};
		ED2E0C4C213DD8140029BC7D /* Release */ = {
			isa = XCBuildConfiguration;
			buildSettings = {
				ALWAYS_SEARCH_USER_PATHS = NO;
				CLANG_ANALYZER_NONNULL = YES;
				CLANG_ANALYZER_NUMBER_OBJECT_CONVERSION = YES_AGGRESSIVE;
				CLANG_CXX_LANGUAGE_STANDARD = "gnu++14";
				CLANG_CXX_LIBRARY = "libc++";
				CLANG_ENABLE_MODULES = YES;
				CLANG_ENABLE_OBJC_ARC = YES;
				CLANG_ENABLE_OBJC_WEAK = YES;
				CLANG_WARN_BLOCK_CAPTURE_AUTORELEASING = YES;
				CLANG_WARN_BOOL_CONVERSION = YES;
				CLANG_WARN_COMMA = YES;
				CLANG_WARN_CONSTANT_CONVERSION = YES;
				CLANG_WARN_DEPRECATED_OBJC_IMPLEMENTATIONS = YES;
				CLANG_WARN_DIRECT_OBJC_ISA_USAGE = YES_ERROR;
				CLANG_WARN_DOCUMENTATION_COMMENTS = YES;
				CLANG_WARN_EMPTY_BODY = YES;
				CLANG_WARN_ENUM_CONVERSION = YES;
				CLANG_WARN_INFINITE_RECURSION = YES;
				CLANG_WARN_INT_CONVERSION = YES;
				CLANG_WARN_NON_LITERAL_NULL_CONVERSION = YES;
				CLANG_WARN_OBJC_IMPLICIT_RETAIN_SELF = YES;
				CLANG_WARN_OBJC_LITERAL_CONVERSION = YES;
				CLANG_WARN_OBJC_ROOT_CLASS = YES_ERROR;
				CLANG_WARN_QUOTED_INCLUDE_IN_FRAMEWORK_HEADER = YES;
				CLANG_WARN_RANGE_LOOP_ANALYSIS = YES;
				CLANG_WARN_STRICT_PROTOTYPES = YES;
				CLANG_WARN_SUSPICIOUS_MOVE = YES;
				CLANG_WARN_UNGUARDED_AVAILABILITY = YES_AGGRESSIVE;
				CLANG_WARN_UNREACHABLE_CODE = YES;
				CLANG_WARN__DUPLICATE_METHOD_MATCH = YES;
				CODE_SIGN_IDENTITY = "iPhone Developer";
				COPY_PHASE_STRIP = NO;
				DEBUG_INFORMATION_FORMAT = "dwarf-with-dsym";
				ENABLE_NS_ASSERTIONS = NO;
				ENABLE_STRICT_OBJC_MSGSEND = YES;
				GCC_C_LANGUAGE_STANDARD = gnu11;
				GCC_NO_COMMON_BLOCKS = YES;
				GCC_WARN_64_TO_32_BIT_CONVERSION = YES;
				GCC_WARN_ABOUT_RETURN_TYPE = YES_ERROR;
				GCC_WARN_UNDECLARED_SELECTOR = YES;
				GCC_WARN_UNINITIALIZED_AUTOS = YES_AGGRESSIVE;
				GCC_WARN_UNUSED_FUNCTION = YES;
				GCC_WARN_UNUSED_VARIABLE = YES;
				IPHONEOS_DEPLOYMENT_TARGET = 12.0;
				MTL_ENABLE_DEBUG_INFO = NO;
				SDKROOT = iphoneos;
				SWIFT_COMPILATION_MODE = wholemodule;
				SWIFT_OPTIMIZATION_LEVEL = "-O";
				VALIDATE_PRODUCT = YES;
			};
			name = Release;
		};
		ED2E0C4E213DD8140029BC7D /* Debug */ = {
			isa = XCBuildConfiguration;
			buildSettings = {
				ASSETCATALOG_COMPILER_APPICON_NAME = AppIcon;
				CODE_SIGN_STYLE = Automatic;
				DEVELOPMENT_TEAM = UKS358BH88;
				INFOPLIST_FILE = "$(SRCROOT)/PaintCodeTests/Resources/Info.plist";
				LD_RUNPATH_SEARCH_PATHS = (
					"$(inherited)",
					"@executable_path/Frameworks",
				);
				PRODUCT_BUNDLE_IDENTIFIER = "com.backslash-f.PaintCodeTests";
				PRODUCT_NAME = "$(TARGET_NAME)";
				SWIFT_VERSION = 5.0;
				TARGETED_DEVICE_FAMILY = "1,2";
			};
			name = Debug;
		};
		ED2E0C4F213DD8140029BC7D /* Release */ = {
			isa = XCBuildConfiguration;
			buildSettings = {
				ASSETCATALOG_COMPILER_APPICON_NAME = AppIcon;
				CODE_SIGN_STYLE = Automatic;
				DEVELOPMENT_TEAM = UKS358BH88;
				INFOPLIST_FILE = "$(SRCROOT)/PaintCodeTests/Resources/Info.plist";
				LD_RUNPATH_SEARCH_PATHS = (
					"$(inherited)",
					"@executable_path/Frameworks",
				);
				PRODUCT_BUNDLE_IDENTIFIER = "com.backslash-f.PaintCodeTests";
				PRODUCT_NAME = "$(TARGET_NAME)";
				SWIFT_VERSION = 5.0;
				TARGETED_DEVICE_FAMILY = "1,2";
			};
			name = Release;
		};
/* End XCBuildConfiguration section */

/* Begin XCConfigurationList section */
		ED2E0C36213DD8110029BC7D /* Build configuration list for PBXProject "PaintCodeTests" */ = {
			isa = XCConfigurationList;
			buildConfigurations = (
				ED2E0C4B213DD8140029BC7D /* Debug */,
				ED2E0C4C213DD8140029BC7D /* Release */,
			);
			defaultConfigurationIsVisible = 0;
			defaultConfigurationName = Release;
		};
		ED2E0C4D213DD8140029BC7D /* Build configuration list for PBXNativeTarget "PaintCodeTests" */ = {
			isa = XCConfigurationList;
			buildConfigurations = (
				ED2E0C4E213DD8140029BC7D /* Debug */,
				ED2E0C4F213DD8140029BC7D /* Release */,
			);
			defaultConfigurationIsVisible = 0;
			defaultConfigurationName = Release;
		};
/* End XCConfigurationList section */
	};
	rootObject = ED2E0C33213DD8110029BC7D /* Project object */;
}
